// !$*UTF8*$!
{
	archiveVersion = 1;
	classes = {
	};
	objectVersion = 46;
	objects = {

/* Begin PBXBuildFile section */
		E87EEBBF1F1CEE9300E0A236 /* SwiftMandrillApi.framework in Frameworks */ = {isa = PBXBuildFile; fileRef = E87EEBB51F1CEE9300E0A236 /* SwiftMandrillApi.framework */; };
		E87EEBC41F1CEE9300E0A236 /* mandrill_api_swiftTests.swift in Sources */ = {isa = PBXBuildFile; fileRef = E87EEBC31F1CEE9300E0A236 /* mandrill_api_swiftTests.swift */; };
		E87EEBC61F1CEE9300E0A236 /* mandrill-api-swift.h in Headers */ = {isa = PBXBuildFile; fileRef = E87EEBB81F1CEE9300E0A236 /* mandrill-api-swift.h */; settings = {ATTRIBUTES = (Public, ); }; };
		E87EEBD11F1CF9F800E0A236 /* MandrillErrorResponse.swift in Sources */ = {isa = PBXBuildFile; fileRef = E87EEBD01F1CF9F800E0A236 /* MandrillErrorResponse.swift */; };
		E87EEBD31F1CFA9500E0A236 /* MandrillTemplateContent.swift in Sources */ = {isa = PBXBuildFile; fileRef = E87EEBD21F1CFA9500E0A236 /* MandrillTemplateContent.swift */; };
		E87EEBD51F1CFAAD00E0A236 /* MandrillTo.swift in Sources */ = {isa = PBXBuildFile; fileRef = E87EEBD41F1CFAAD00E0A236 /* MandrillTo.swift */; };
		E87EEBD71F1CFAE700E0A236 /* MandrillHeaders.swift in Sources */ = {isa = PBXBuildFile; fileRef = E87EEBD61F1CFAE700E0A236 /* MandrillHeaders.swift */; };
		E87EEBD91F1CFB1400E0A236 /* MandrillGlobalMergeVariable.swift in Sources */ = {isa = PBXBuildFile; fileRef = E87EEBD81F1CFB1400E0A236 /* MandrillGlobalMergeVariable.swift */; };
		E87EEBDB1F1CFB3700E0A236 /* MandrillMergeVariable.swift in Sources */ = {isa = PBXBuildFile; fileRef = E87EEBDA1F1CFB3700E0A236 /* MandrillMergeVariable.swift */; };
		E87EEBDD1F1CFB5700E0A236 /* MandrillMergeVariables.swift in Sources */ = {isa = PBXBuildFile; fileRef = E87EEBDC1F1CFB5700E0A236 /* MandrillMergeVariables.swift */; };
		E87EEBE41F1CFBA100E0A236 /* SwiftyJSON.framework in Frameworks */ = {isa = PBXBuildFile; fileRef = E87EEBE11F1CFBA100E0A236 /* SwiftyJSON.framework */; };
		E87EEBE61F1CFBBA00E0A236 /* MandrillModelProtocol.swift in Sources */ = {isa = PBXBuildFile; fileRef = E87EEBE51F1CFBBA00E0A236 /* MandrillModelProtocol.swift */; };
		E87EEBE81F1CFC0300E0A236 /* ModelHelpers.swift in Sources */ = {isa = PBXBuildFile; fileRef = E87EEBE71F1CFC0300E0A236 /* ModelHelpers.swift */; };
/* End PBXBuildFile section */

/* Begin PBXContainerItemProxy section */
		E87EEBC01F1CEE9300E0A236 /* PBXContainerItemProxy */ = {
			isa = PBXContainerItemProxy;
			containerPortal = E87EEBAC1F1CEE9300E0A236 /* Project object */;
			proxyType = 1;
			remoteGlobalIDString = E87EEBB41F1CEE9300E0A236;
			remoteInfo = "mandrill-api-swift";
		};
/* End PBXContainerItemProxy section */

/* Begin PBXFileReference section */
		E87EEBB51F1CEE9300E0A236 /* SwiftMandrillApi.framework */ = {isa = PBXFileReference; explicitFileType = wrapper.framework; includeInIndex = 0; path = SwiftMandrillApi.framework; sourceTree = BUILT_PRODUCTS_DIR; };
		E87EEBB81F1CEE9300E0A236 /* mandrill-api-swift.h */ = {isa = PBXFileReference; lastKnownFileType = sourcecode.c.h; path = "mandrill-api-swift.h"; sourceTree = "<group>"; };
		E87EEBB91F1CEE9300E0A236 /* Info.plist */ = {isa = PBXFileReference; lastKnownFileType = text.plist.xml; path = Info.plist; sourceTree = "<group>"; };
		E87EEBBE1F1CEE9300E0A236 /* SwiftMandrillApiTests.xctest */ = {isa = PBXFileReference; explicitFileType = wrapper.cfbundle; includeInIndex = 0; path = SwiftMandrillApiTests.xctest; sourceTree = BUILT_PRODUCTS_DIR; };
		E87EEBC31F1CEE9300E0A236 /* mandrill_api_swiftTests.swift */ = {isa = PBXFileReference; lastKnownFileType = sourcecode.swift; path = mandrill_api_swiftTests.swift; sourceTree = "<group>"; };
		E87EEBC51F1CEE9300E0A236 /* Info.plist */ = {isa = PBXFileReference; lastKnownFileType = text.plist.xml; path = Info.plist; sourceTree = "<group>"; };
		E87EEBD01F1CF9F800E0A236 /* MandrillErrorResponse.swift */ = {isa = PBXFileReference; fileEncoding = 4; lastKnownFileType = sourcecode.swift; name = MandrillErrorResponse.swift; path = Sources/MandrillErrorResponse.swift; sourceTree = "<group>"; };
		E87EEBD21F1CFA9500E0A236 /* MandrillTemplateContent.swift */ = {isa = PBXFileReference; fileEncoding = 4; lastKnownFileType = sourcecode.swift; name = MandrillTemplateContent.swift; path = Sources/MandrillTemplateContent.swift; sourceTree = "<group>"; };
		E87EEBD41F1CFAAD00E0A236 /* MandrillTo.swift */ = {isa = PBXFileReference; fileEncoding = 4; lastKnownFileType = sourcecode.swift; name = MandrillTo.swift; path = Sources/MandrillTo.swift; sourceTree = "<group>"; };
		E87EEBD61F1CFAE700E0A236 /* MandrillHeaders.swift */ = {isa = PBXFileReference; fileEncoding = 4; lastKnownFileType = sourcecode.swift; name = MandrillHeaders.swift; path = Sources/MandrillHeaders.swift; sourceTree = "<group>"; };
		E87EEBD81F1CFB1400E0A236 /* MandrillGlobalMergeVariable.swift */ = {isa = PBXFileReference; fileEncoding = 4; lastKnownFileType = sourcecode.swift; name = MandrillGlobalMergeVariable.swift; path = Sources/MandrillGlobalMergeVariable.swift; sourceTree = "<group>"; };
		E87EEBDA1F1CFB3700E0A236 /* MandrillMergeVariable.swift */ = {isa = PBXFileReference; fileEncoding = 4; lastKnownFileType = sourcecode.swift; name = MandrillMergeVariable.swift; path = Sources/MandrillMergeVariable.swift; sourceTree = "<group>"; };
		E87EEBDC1F1CFB5700E0A236 /* MandrillMergeVariables.swift */ = {isa = PBXFileReference; fileEncoding = 4; lastKnownFileType = sourcecode.swift; name = MandrillMergeVariables.swift; path = Sources/MandrillMergeVariables.swift; sourceTree = "<group>"; };
		E87EEBE11F1CFBA100E0A236 /* SwiftyJSON.framework */ = {isa = PBXFileReference; lastKnownFileType = wrapper.framework; name = SwiftyJSON.framework; path = Carthage/Build/iOS/SwiftyJSON.framework; sourceTree = "<group>"; };
		E87EEBE51F1CFBBA00E0A236 /* MandrillModelProtocol.swift */ = {isa = PBXFileReference; fileEncoding = 4; lastKnownFileType = sourcecode.swift; name = MandrillModelProtocol.swift; path = Sources/MandrillModelProtocol.swift; sourceTree = "<group>"; };
		E87EEBE71F1CFC0300E0A236 /* ModelHelpers.swift */ = {isa = PBXFileReference; fileEncoding = 4; lastKnownFileType = sourcecode.swift; name = ModelHelpers.swift; path = Sources/ModelHelpers.swift; sourceTree = "<group>"; };
/* End PBXFileReference section */

/* Begin PBXFrameworksBuildPhase section */
		E87EEBB11F1CEE9300E0A236 /* Frameworks */ = {
			isa = PBXFrameworksBuildPhase;
			buildActionMask = 2147483647;
			files = (
				E87EEBE41F1CFBA100E0A236 /* SwiftyJSON.framework in Frameworks */,
			);
			runOnlyForDeploymentPostprocessing = 0;
		};
		E87EEBBB1F1CEE9300E0A236 /* Frameworks */ = {
			isa = PBXFrameworksBuildPhase;
			buildActionMask = 2147483647;
			files = (
				E87EEBBF1F1CEE9300E0A236 /* SwiftMandrillApi.framework in Frameworks */,
			);
			runOnlyForDeploymentPostprocessing = 0;
		};
/* End PBXFrameworksBuildPhase section */

/* Begin PBXGroup section */
		E87EEBAB1F1CEE9300E0A236 = {
			isa = PBXGroup;
			children = (
				E87EEBB71F1CEE9300E0A236 /* mandrill-api-swift */,
				E87EEBC21F1CEE9300E0A236 /* mandrill-api-swiftTests */,
				E87EEBB61F1CEE9300E0A236 /* Products */,
				E87EEBDE1F1CFBA000E0A236 /* Frameworks */,
			);
			sourceTree = "<group>";
		};
		E87EEBB61F1CEE9300E0A236 /* Products */ = {
			isa = PBXGroup;
			children = (
				E87EEBB51F1CEE9300E0A236 /* SwiftMandrillApi.framework */,
				E87EEBBE1F1CEE9300E0A236 /* SwiftMandrillApiTests.xctest */,
			);
			name = Products;
			sourceTree = "<group>";
		};
		E87EEBB71F1CEE9300E0A236 /* mandrill-api-swift */ = {
			isa = PBXGroup;
			children = (
				E87EEBCF1F1CF9D200E0A236 /* Sources */,
				E87EEBB81F1CEE9300E0A236 /* mandrill-api-swift.h */,
				E87EEBB91F1CEE9300E0A236 /* Info.plist */,
			);
			path = "mandrill-api-swift";
			sourceTree = "<group>";
		};
		E87EEBC21F1CEE9300E0A236 /* mandrill-api-swiftTests */ = {
			isa = PBXGroup;
			children = (
				E87EEBC31F1CEE9300E0A236 /* mandrill_api_swiftTests.swift */,
				E87EEBC51F1CEE9300E0A236 /* Info.plist */,
			);
			path = "mandrill-api-swiftTests";
			sourceTree = "<group>";
		};
		E87EEBCF1F1CF9D200E0A236 /* Sources */ = {
			isa = PBXGroup;
			children = (
				E87EEBEA1F1CFC4D00E0A236 /* Helpers */,
				E87EEBE91F1CFC3D00E0A236 /* Models */,
			);
			name = Sources;
			sourceTree = "<group>";
		};
		E87EEBDE1F1CFBA000E0A236 /* Frameworks */ = {
			isa = PBXGroup;
			children = (
				E87EEBE11F1CFBA100E0A236 /* SwiftyJSON.framework */,
			);
			name = Frameworks;
			sourceTree = "<group>";
		};
		E87EEBE91F1CFC3D00E0A236 /* Models */ = {
			isa = PBXGroup;
			children = (
				E87EEBD01F1CF9F800E0A236 /* MandrillErrorResponse.swift */,
				E87EEBD21F1CFA9500E0A236 /* MandrillTemplateContent.swift */,
				E87EEBD41F1CFAAD00E0A236 /* MandrillTo.swift */,
				E87EEBD61F1CFAE700E0A236 /* MandrillHeaders.swift */,
				E87EEBD81F1CFB1400E0A236 /* MandrillGlobalMergeVariable.swift */,
				E87EEBDA1F1CFB3700E0A236 /* MandrillMergeVariable.swift */,
				E87EEBDC1F1CFB5700E0A236 /* MandrillMergeVariables.swift */,
				E87EEBE51F1CFBBA00E0A236 /* MandrillModelProtocol.swift */,
			);
			name = Models;
			sourceTree = "<group>";
		};
		E87EEBEA1F1CFC4D00E0A236 /* Helpers */ = {
			isa = PBXGroup;
			children = (
				E87EEBE71F1CFC0300E0A236 /* ModelHelpers.swift */,
			);
			name = Helpers;
			sourceTree = "<group>";
		};
/* End PBXGroup section */

/* Begin PBXHeadersBuildPhase section */
		E87EEBB21F1CEE9300E0A236 /* Headers */ = {
			isa = PBXHeadersBuildPhase;
			buildActionMask = 2147483647;
			files = (
				E87EEBC61F1CEE9300E0A236 /* mandrill-api-swift.h in Headers */,
			);
			runOnlyForDeploymentPostprocessing = 0;
		};
/* End PBXHeadersBuildPhase section */

/* Begin PBXNativeTarget section */
		E87EEBB41F1CEE9300E0A236 /* SwiftMandrillApi */ = {
			isa = PBXNativeTarget;
			buildConfigurationList = E87EEBC91F1CEE9300E0A236 /* Build configuration list for PBXNativeTarget "SwiftMandrillApi" */;
			buildPhases = (
				E87EEBB01F1CEE9300E0A236 /* Sources */,
				E87EEBB11F1CEE9300E0A236 /* Frameworks */,
				E87EEBB21F1CEE9300E0A236 /* Headers */,
				E87EEBB31F1CEE9300E0A236 /* Resources */,
			);
			buildRules = (
			);
			dependencies = (
			);
			name = SwiftMandrillApi;
			productName = "mandrill-api-swift";
			productReference = E87EEBB51F1CEE9300E0A236 /* SwiftMandrillApi.framework */;
			productType = "com.apple.product-type.framework";
		};
		E87EEBBD1F1CEE9300E0A236 /* SwiftMandrillApiTests */ = {
			isa = PBXNativeTarget;
			buildConfigurationList = E87EEBCC1F1CEE9300E0A236 /* Build configuration list for PBXNativeTarget "SwiftMandrillApiTests" */;
			buildPhases = (
				E87EEBBA1F1CEE9300E0A236 /* Sources */,
				E87EEBBB1F1CEE9300E0A236 /* Frameworks */,
				E87EEBBC1F1CEE9300E0A236 /* Resources */,
			);
			buildRules = (
			);
			dependencies = (
				E87EEBC11F1CEE9300E0A236 /* PBXTargetDependency */,
			);
			name = SwiftMandrillApiTests;
			productName = "mandrill-api-swiftTests";
			productReference = E87EEBBE1F1CEE9300E0A236 /* SwiftMandrillApiTests.xctest */;
			productType = "com.apple.product-type.bundle.unit-test";
		};
/* End PBXNativeTarget section */

/* Begin PBXProject section */
		E87EEBAC1F1CEE9300E0A236 /* Project object */ = {
			isa = PBXProject;
			attributes = {
				LastSwiftUpdateCheck = 0820;
				LastUpgradeCheck = 0820;
				ORGANIZATIONNAME = "Mert Salik";
				TargetAttributes = {
					E87EEBB41F1CEE9300E0A236 = {
						CreatedOnToolsVersion = 8.2.1;
						LastSwiftMigration = 0820;
						ProvisioningStyle = Automatic;
					};
					E87EEBBD1F1CEE9300E0A236 = {
						CreatedOnToolsVersion = 8.2.1;
						ProvisioningStyle = Automatic;
					};
				};
			};
			buildConfigurationList = E87EEBAF1F1CEE9300E0A236 /* Build configuration list for PBXProject "mandrill-api-swift" */;
			compatibilityVersion = "Xcode 3.2";
			developmentRegion = English;
			hasScannedForEncodings = 0;
			knownRegions = (
				en,
			);
			mainGroup = E87EEBAB1F1CEE9300E0A236;
			productRefGroup = E87EEBB61F1CEE9300E0A236 /* Products */;
			projectDirPath = "";
			projectRoot = "";
			targets = (
				E87EEBB41F1CEE9300E0A236 /* SwiftMandrillApi */,
				E87EEBBD1F1CEE9300E0A236 /* SwiftMandrillApiTests */,
			);
		};
/* End PBXProject section */

/* Begin PBXResourcesBuildPhase section */
		E87EEBB31F1CEE9300E0A236 /* Resources */ = {
			isa = PBXResourcesBuildPhase;
			buildActionMask = 2147483647;
			files = (
			);
			runOnlyForDeploymentPostprocessing = 0;
		};
		E87EEBBC1F1CEE9300E0A236 /* Resources */ = {
			isa = PBXResourcesBuildPhase;
			buildActionMask = 2147483647;
			files = (
			);
			runOnlyForDeploymentPostprocessing = 0;
		};
/* End PBXResourcesBuildPhase section */

/* Begin PBXSourcesBuildPhase section */
		E87EEBB01F1CEE9300E0A236 /* Sources */ = {
			isa = PBXSourcesBuildPhase;
			buildActionMask = 2147483647;
			files = (
				E87EEBDD1F1CFB5700E0A236 /* MandrillMergeVariables.swift in Sources */,
				E87EEBD51F1CFAAD00E0A236 /* MandrillTo.swift in Sources */,
				E87EEBD31F1CFA9500E0A236 /* MandrillTemplateContent.swift in Sources */,
				E87EEBD11F1CF9F800E0A236 /* MandrillErrorResponse.swift in Sources */,
				E87EEBE81F1CFC0300E0A236 /* ModelHelpers.swift in Sources */,
				E87EEBE61F1CFBBA00E0A236 /* MandrillModelProtocol.swift in Sources */,
				E87EEBDB1F1CFB3700E0A236 /* MandrillMergeVariable.swift in Sources */,
				E87EEBD71F1CFAE700E0A236 /* MandrillHeaders.swift in Sources */,
				E87EEBD91F1CFB1400E0A236 /* MandrillGlobalMergeVariable.swift in Sources */,
			);
			runOnlyForDeploymentPostprocessing = 0;
		};
		E87EEBBA1F1CEE9300E0A236 /* Sources */ = {
			isa = PBXSourcesBuildPhase;
			buildActionMask = 2147483647;
			files = (
				E87EEBC41F1CEE9300E0A236 /* mandrill_api_swiftTests.swift in Sources */,
			);
			runOnlyForDeploymentPostprocessing = 0;
		};
/* End PBXSourcesBuildPhase section */

/* Begin PBXTargetDependency section */
		E87EEBC11F1CEE9300E0A236 /* PBXTargetDependency */ = {
			isa = PBXTargetDependency;
			target = E87EEBB41F1CEE9300E0A236 /* SwiftMandrillApi */;
			targetProxy = E87EEBC01F1CEE9300E0A236 /* PBXContainerItemProxy */;
		};
/* End PBXTargetDependency section */

/* Begin XCBuildConfiguration section */
		E87EEBC71F1CEE9300E0A236 /* Debug */ = {
			isa = XCBuildConfiguration;
			buildSettings = {
				ALWAYS_SEARCH_USER_PATHS = NO;
				CLANG_ANALYZER_NONNULL = YES;
				CLANG_CXX_LANGUAGE_STANDARD = "gnu++0x";
				CLANG_CXX_LIBRARY = "libc++";
				CLANG_ENABLE_MODULES = YES;
				CLANG_ENABLE_OBJC_ARC = YES;
				CLANG_WARN_BOOL_CONVERSION = YES;
				CLANG_WARN_CONSTANT_CONVERSION = YES;
				CLANG_WARN_DIRECT_OBJC_ISA_USAGE = YES_ERROR;
				CLANG_WARN_DOCUMENTATION_COMMENTS = YES;
				CLANG_WARN_EMPTY_BODY = YES;
				CLANG_WARN_ENUM_CONVERSION = YES;
				CLANG_WARN_INFINITE_RECURSION = YES;
				CLANG_WARN_INT_CONVERSION = YES;
				CLANG_WARN_OBJC_ROOT_CLASS = YES_ERROR;
				CLANG_WARN_SUSPICIOUS_MOVE = YES;
				CLANG_WARN_UNREACHABLE_CODE = YES;
				CLANG_WARN__DUPLICATE_METHOD_MATCH = YES;
				"CODE_SIGN_IDENTITY[sdk=iphoneos*]" = "iPhone Developer";
				COPY_PHASE_STRIP = NO;
				CURRENT_PROJECT_VERSION = 1;
				DEBUG_INFORMATION_FORMAT = dwarf;
				ENABLE_STRICT_OBJC_MSGSEND = YES;
				ENABLE_TESTABILITY = YES;
				GCC_C_LANGUAGE_STANDARD = gnu99;
				GCC_DYNAMIC_NO_PIC = NO;
				GCC_NO_COMMON_BLOCKS = YES;
				GCC_OPTIMIZATION_LEVEL = 0;
				GCC_PREPROCESSOR_DEFINITIONS = (
					"DEBUG=1",
					"$(inherited)",
				);
				GCC_WARN_64_TO_32_BIT_CONVERSION = YES;
				GCC_WARN_ABOUT_RETURN_TYPE = YES_ERROR;
				GCC_WARN_UNDECLARED_SELECTOR = YES;
				GCC_WARN_UNINITIALIZED_AUTOS = YES_AGGRESSIVE;
				GCC_WARN_UNUSED_FUNCTION = YES;
				GCC_WARN_UNUSED_VARIABLE = YES;
				IPHONEOS_DEPLOYMENT_TARGET = 10.2;
				MTL_ENABLE_DEBUG_INFO = YES;
				ONLY_ACTIVE_ARCH = YES;
				SDKROOT = iphoneos;
				SWIFT_ACTIVE_COMPILATION_CONDITIONS = DEBUG;
				SWIFT_OPTIMIZATION_LEVEL = "-Onone";
				TARGETED_DEVICE_FAMILY = "1,2";
				VERSIONING_SYSTEM = "apple-generic";
				VERSION_INFO_PREFIX = "";
			};
			name = Debug;
		};
		E87EEBC81F1CEE9300E0A236 /* Release */ = {
			isa = XCBuildConfiguration;
			buildSettings = {
				ALWAYS_SEARCH_USER_PATHS = NO;
				CLANG_ANALYZER_NONNULL = YES;
				CLANG_CXX_LANGUAGE_STANDARD = "gnu++0x";
				CLANG_CXX_LIBRARY = "libc++";
				CLANG_ENABLE_MODULES = YES;
				CLANG_ENABLE_OBJC_ARC = YES;
				CLANG_WARN_BOOL_CONVERSION = YES;
				CLANG_WARN_CONSTANT_CONVERSION = YES;
				CLANG_WARN_DIRECT_OBJC_ISA_USAGE = YES_ERROR;
				CLANG_WARN_DOCUMENTATION_COMMENTS = YES;
				CLANG_WARN_EMPTY_BODY = YES;
				CLANG_WARN_ENUM_CONVERSION = YES;
				CLANG_WARN_INFINITE_RECURSION = YES;
				CLANG_WARN_INT_CONVERSION = YES;
				CLANG_WARN_OBJC_ROOT_CLASS = YES_ERROR;
				CLANG_WARN_SUSPICIOUS_MOVE = YES;
				CLANG_WARN_UNREACHABLE_CODE = YES;
				CLANG_WARN__DUPLICATE_METHOD_MATCH = YES;
				"CODE_SIGN_IDENTITY[sdk=iphoneos*]" = "iPhone Developer";
				COPY_PHASE_STRIP = NO;
				CURRENT_PROJECT_VERSION = 1;
				DEBUG_INFORMATION_FORMAT = "dwarf-with-dsym";
				ENABLE_NS_ASSERTIONS = NO;
				ENABLE_STRICT_OBJC_MSGSEND = YES;
				GCC_C_LANGUAGE_STANDARD = gnu99;
				GCC_NO_COMMON_BLOCKS = YES;
				GCC_WARN_64_TO_32_BIT_CONVERSION = YES;
				GCC_WARN_ABOUT_RETURN_TYPE = YES_ERROR;
				GCC_WARN_UNDECLARED_SELECTOR = YES;
				GCC_WARN_UNINITIALIZED_AUTOS = YES_AGGRESSIVE;
				GCC_WARN_UNUSED_FUNCTION = YES;
				GCC_WARN_UNUSED_VARIABLE = YES;
				IPHONEOS_DEPLOYMENT_TARGET = 10.2;
				MTL_ENABLE_DEBUG_INFO = NO;
				SDKROOT = iphoneos;
				SWIFT_OPTIMIZATION_LEVEL = "-Owholemodule";
				TARGETED_DEVICE_FAMILY = "1,2";
				VALIDATE_PRODUCT = YES;
				VERSIONING_SYSTEM = "apple-generic";
				VERSION_INFO_PREFIX = "";
			};
			name = Release;
		};
		E87EEBCA1F1CEE9300E0A236 /* Debug */ = {
			isa = XCBuildConfiguration;
			buildSettings = {
				CLANG_ENABLE_MODULES = YES;
				CODE_SIGN_IDENTITY = "";
				DEFINES_MODULE = YES;
				DYLIB_COMPATIBILITY_VERSION = 1;
				DYLIB_CURRENT_VERSION = 1;
				DYLIB_INSTALL_NAME_BASE = "@rpath";
				FRAMEWORK_SEARCH_PATHS = (
					"$(inherited)",
					"$(PROJECT_DIR)/Carthage/Build/iOS",
				);
				INFOPLIST_FILE = "mandrill-api-swift/Info.plist";
				INSTALL_PATH = "$(LOCAL_LIBRARY_DIR)/Frameworks";
				LD_RUNPATH_SEARCH_PATHS = "$(inherited) @executable_path/Frameworks @loader_path/Frameworks";
				PRODUCT_BUNDLE_IDENTIFIER = "sofyo.mandrill-api-swift";
				PRODUCT_NAME = "$(TARGET_NAME)";
				SKIP_INSTALL = YES;
				SWIFT_OPTIMIZATION_LEVEL = "-Onone";
				SWIFT_VERSION = 3.0;
			};
			name = Debug;
		};
		E87EEBCB1F1CEE9300E0A236 /* Release */ = {
			isa = XCBuildConfiguration;
			buildSettings = {
				CLANG_ENABLE_MODULES = YES;
				CODE_SIGN_IDENTITY = "";
				DEFINES_MODULE = YES;
				DYLIB_COMPATIBILITY_VERSION = 1;
				DYLIB_CURRENT_VERSION = 1;
				DYLIB_INSTALL_NAME_BASE = "@rpath";
				FRAMEWORK_SEARCH_PATHS = (
					"$(inherited)",
					"$(PROJECT_DIR)/Carthage/Build/iOS",
				);
				INFOPLIST_FILE = "mandrill-api-swift/Info.plist";
				INSTALL_PATH = "$(LOCAL_LIBRARY_DIR)/Frameworks";
				LD_RUNPATH_SEARCH_PATHS = "$(inherited) @executable_path/Frameworks @loader_path/Frameworks";
				PRODUCT_BUNDLE_IDENTIFIER = "sofyo.mandrill-api-swift";
				PRODUCT_NAME = "$(TARGET_NAME)";
				SKIP_INSTALL = YES;
				SWIFT_VERSION = 3.0;
			};
			name = Release;
		};
		E87EEBCD1F1CEE9300E0A236 /* Debug */ = {
			isa = XCBuildConfiguration;
			buildSettings = {
				ALWAYS_EMBED_SWIFT_STANDARD_LIBRARIES = YES;
				INFOPLIST_FILE = "mandrill-api-swiftTests/Info.plist";
				LD_RUNPATH_SEARCH_PATHS = "$(inherited) @executable_path/Frameworks @loader_path/Frameworks";
				PRODUCT_BUNDLE_IDENTIFIER = "sofyo.mandrill-api-swiftTests";
				PRODUCT_NAME = "$(TARGET_NAME)";
				SWIFT_VERSION = 3.0;
			};
			name = Debug;
		};
		E87EEBCE1F1CEE9300E0A236 /* Release */ = {
			isa = XCBuildConfiguration;
			buildSettings = {
				ALWAYS_EMBED_SWIFT_STANDARD_LIBRARIES = YES;
				INFOPLIST_FILE = "mandrill-api-swiftTests/Info.plist";
				LD_RUNPATH_SEARCH_PATHS = "$(inherited) @executable_path/Frameworks @loader_path/Frameworks";
				PRODUCT_BUNDLE_IDENTIFIER = "sofyo.mandrill-api-swiftTests";
				PRODUCT_NAME = "$(TARGET_NAME)";
				SWIFT_VERSION = 3.0;
			};
			name = Release;
		};
/* End XCBuildConfiguration section */

/* Begin XCConfigurationList section */
		E87EEBAF1F1CEE9300E0A236 /* Build configuration list for PBXProject "mandrill-api-swift" */ = {
			isa = XCConfigurationList;
			buildConfigurations = (
				E87EEBC71F1CEE9300E0A236 /* Debug */,
				E87EEBC81F1CEE9300E0A236 /* Release */,
			);
			defaultConfigurationIsVisible = 0;
			defaultConfigurationName = Release;
		};
		E87EEBC91F1CEE9300E0A236 /* Build configuration list for PBXNativeTarget "SwiftMandrillApi" */ = {
			isa = XCConfigurationList;
			buildConfigurations = (
				E87EEBCA1F1CEE9300E0A236 /* Debug */,
				E87EEBCB1F1CEE9300E0A236 /* Release */,
			);
			defaultConfigurationIsVisible = 0;
			defaultConfigurationName = Release;
		};
		E87EEBCC1F1CEE9300E0A236 /* Build configuration list for PBXNativeTarget "SwiftMandrillApiTests" */ = {
			isa = XCConfigurationList;
			buildConfigurations = (
				E87EEBCD1F1CEE9300E0A236 /* Debug */,
				E87EEBCE1F1CEE9300E0A236 /* Release */,
			);
			defaultConfigurationIsVisible = 0;
			defaultConfigurationName = Release;
		};
/* End XCConfigurationList section */
	};
	rootObject = E87EEBAC1F1CEE9300E0A236 /* Project object */;
}
